<Solution>
  <Folder Name="/src/">
    <Project Path="src/EventHorizon.LfuCache/EventHorizon.LfuCache.csproj" />
  </Folder>
  <Folder Name="/samples/">
    <Project Path="samples/EventHorizon.LfuCache.Sample/EventHorizon.LfuCache.Sample.csproj" />
  </Folder>
  <Folder Name="/tests/">
    <Project Path="tests/EventHorizon.LfuCache.Tests/EventHorizon.LfuCache.Tests.csproj" />
    <Project Path="tests/EventHorizon.LfuCache.Benchmarks/EventHorizon.LfuCache.Benchmarks.csproj" />
  </Folder>
</Solution>
